
Microsoft Visual Studio Solution File, Format Version 12.00
Project("{FAE04EC0-301F-11D3-BF4B-00C04F79EFBC}") = "Events", "Events\Events.csproj", "{802F72C5-03FB-4EF3-8A4C-E2316C0217AA}"
EndProject
Global
	GlobalSection(SolutionConfigurationPlatforms) = preSolution
		Debug|Any CPU = Debug|Any CPU
		Release|Any CPU = Release|Any CPU
	EndGlobalSection
	GlobalSection(ProjectConfigurationPlatforms) = postSolution
		{802F72C5-03FB-4EF3-8A4C-E2316C0217AA}.Debug|Any CPU.ActiveCfg = Debug|Any CPU
		{802F72C5-03FB-4EF3-8A4C-E2316C0217AA}.Debug|Any CPU.Build.0 = Debug|Any CPU
		{802F72C5-03FB-4EF3-8A4C-E2316C0217AA}.Release|Any CPU.ActiveCfg = Release|Any CPU
		{802F72C5-03FB-4EF3-8A4C-E2316C0217AA}.Release|Any CPU.Build.0 = Release|Any CPU
	EndGlobalSection
EndGlobal
